// !$*UTF8*$!
{
	archiveVersion = 1;
	classes = {
	};
	objectVersion = 50;
	objects = {

/* Begin PBXBuildFile section */
		6DE739D2279CC7FD000698A1 /* GitHub_PassingDataApp.swift in Sources */ = {isa = PBXBuildFile; fileRef = 6DE739D1279CC7FD000698A1 /* GitHub_PassingDataApp.swift */; };
		6DE739D4279CC7FD000698A1 /* ContentView.swift in Sources */ = {isa = PBXBuildFile; fileRef = 6DE739D3279CC7FD000698A1 /* ContentView.swift */; };
		6DE739D6279CC7FE000698A1 /* Assets.xcassets in Resources */ = {isa = PBXBuildFile; fileRef = 6DE739D5279CC7FE000698A1 /* Assets.xcassets */; };
		6DE739D9279CC7FE000698A1 /* Preview Assets.xcassets in Resources */ = {isa = PBXBuildFile; fileRef = 6DE739D8279CC7FE000698A1 /* Preview Assets.xcassets */; };
		6DE739E2279CC83A000698A1 /* DetailView.swift in Sources */ = {isa = PBXBuildFile; fileRef = 6DE739E1279CC83A000698A1 /* DetailView.swift */; };
		6DE739E5279CC869000698A1 /* User.swift in Sources */ = {isa = PBXBuildFile; fileRef = 6DE739E4279CC869000698A1 /* User.swift */; };
		6DE739E8279CC88B000698A1 /* Users.swift in Sources */ = {isa = PBXBuildFile; fileRef = 6DE739E7279CC88B000698A1 /* Users.swift */; };
		6DE739ED279CC8E3000698A1 /* UserRowView.swift in Sources */ = {isa = PBXBuildFile; fileRef = 6DE739EC279CC8E3000698A1 /* UserRowView.swift */; };
		6DE739F3279CC92D000698A1 /* UserInputView.swift in Sources */ = {isa = PBXBuildFile; fileRef = 6DE739F2279CC92D000698A1 /* UserInputView.swift */; };
/* End PBXBuildFile section */

/* Begin PBXFileReference section */
		6DE739CE279CC7FD000698A1 /* GitHub_PassingData.app */ = {isa = PBXFileReference; explicitFileType = wrapper.application; includeInIndex = 0; path = GitHub_PassingData.app; sourceTree = BUILT_PRODUCTS_DIR; };
		6DE739D1279CC7FD000698A1 /* GitHub_PassingDataApp.swift */ = {isa = PBXFileReference; lastKnownFileType = sourcecode.swift; path = GitHub_PassingDataApp.swift; sourceTree = "<group>"; };
		6DE739D3279CC7FD000698A1 /* ContentView.swift */ = {isa = PBXFileReference; lastKnownFileType = sourcecode.swift; path = ContentView.swift; sourceTree = "<group>"; };
		6DE739D5279CC7FE000698A1 /* Assets.xcassets */ = {isa = PBXFileReference; lastKnownFileType = folder.assetcatalog; path = Assets.xcassets; sourceTree = "<group>"; };
		6DE739D8279CC7FE000698A1 /* Preview Assets.xcassets */ = {isa = PBXFileReference; lastKnownFileType = folder.assetcatalog; path = "Preview Assets.xcassets"; sourceTree = "<group>"; };
		6DE739DA279CC7FE000698A1 /* Info.plist */ = {isa = PBXFileReference; lastKnownFileType = text.plist.xml; path = Info.plist; sourceTree = "<group>"; };
		6DE739E1279CC83A000698A1 /* DetailView.swift */ = {isa = PBXFileReference; lastKnownFileType = sourcecode.swift; path = DetailView.swift; sourceTree = "<group>"; };
		6DE739E4279CC869000698A1 /* User.swift */ = {isa = PBXFileReference; lastKnownFileType = sourcecode.swift; path = User.swift; sourceTree = "<group>"; };
		6DE739E7279CC88B000698A1 /* Users.swift */ = {isa = PBXFileReference; lastKnownFileType = sourcecode.swift; path = Users.swift; sourceTree = "<group>"; };
		6DE739EC279CC8E3000698A1 /* UserRowView.swift */ = {isa = PBXFileReference; lastKnownFileType = sourcecode.swift; path = UserRowView.swift; sourceTree = "<group>"; };
		6DE739F2279CC92D000698A1 /* UserInputView.swift */ = {isa = PBXFileReference; lastKnownFileType = sourcecode.swift; path = UserInputView.swift; sourceTree = "<group>"; };
/* End PBXFileReference section */

/* Begin PBXFrameworksBuildPhase section */
		6DE739CB279CC7FD000698A1 /* Frameworks */ = {
			isa = PBXFrameworksBuildPhase;
			buildActionMask = 2147483647;
			files = (
			);
			runOnlyForDeploymentPostprocessing = 0;
		};
/* End PBXFrameworksBuildPhase section */

/* Begin PBXGroup section */
		6DE739C5279CC7FD000698A1 = {
			isa = PBXGroup;
			children = (
				6DE739D0279CC7FD000698A1 /* GitHub_PassingData */,
				6DE739CF279CC7FD000698A1 /* Products */,
			);
			sourceTree = "<group>";
		};
		6DE739CF279CC7FD000698A1 /* Products */ = {
			isa = PBXGroup;
			children = (
				6DE739CE279CC7FD000698A1 /* GitHub_PassingData.app */,
			);
			name = Products;
			sourceTree = "<group>";
		};
		6DE739D0279CC7FD000698A1 /* GitHub_PassingData */ = {
			isa = PBXGroup;
			children = (
				6DE739D1279CC7FD000698A1 /* GitHub_PassingDataApp.swift */,
				6DE739EA279CC8BF000698A1 /* Models */,
				6DE739F0279CC917000698A1 /* Views */,
				6DE739D5279CC7FE000698A1 /* Assets.xcassets */,
				6DE739DA279CC7FE000698A1 /* Info.plist */,
				6DE739D7279CC7FE000698A1 /* Preview Content */,
			);
			path = GitHub_PassingData;
			sourceTree = "<group>";
		};
		6DE739D7279CC7FE000698A1 /* Preview Content */ = {
			isa = PBXGroup;
			children = (
				6DE739D8279CC7FE000698A1 /* Preview Assets.xcassets */,
			);
			path = "Preview Content";
			sourceTree = "<group>";
		};
		6DE739EA279CC8BF000698A1 /* Models */ = {
			isa = PBXGroup;
			children = (
				6DE739E4279CC869000698A1 /* User.swift */,
				6DE739E7279CC88B000698A1 /* Users.swift */,
			);
			path = Models;
			sourceTree = "<group>";
		};
		6DE739F0279CC917000698A1 /* Views */ = {
			isa = PBXGroup;
			children = (
				6DE739D3279CC7FD000698A1 /* ContentView.swift */,
				6DE739E1279CC83A000698A1 /* DetailView.swift */,
				6DE739EC279CC8E3000698A1 /* UserRowView.swift */,
				6DE739F2279CC92D000698A1 /* UserInputView.swift */,
			);
			path = Views;
			sourceTree = "<group>";
		};
/* End PBXGroup section */

/* Begin PBXNativeTarget section */
		6DE739CD279CC7FD000698A1 /* GitHub_PassingData */ = {
			isa = PBXNativeTarget;
			buildConfigurationList = 6DE739DD279CC7FE000698A1 /* Build configuration list for PBXNativeTarget "GitHub_PassingData" */;
			buildPhases = (
				6DE739CA279CC7FD000698A1 /* Sources */,
				6DE739CB279CC7FD000698A1 /* Frameworks */,
				6DE739CC279CC7FD000698A1 /* Resources */,
			);
			buildRules = (
			);
			dependencies = (
			);
			name = GitHub_PassingData;
			productName = GitHub_PassingData;
			productReference = 6DE739CE279CC7FD000698A1 /* GitHub_PassingData.app */;
			productType = "com.apple.product-type.application";
		};
/* End PBXNativeTarget section */

/* Begin PBXProject section */
		6DE739C6279CC7FD000698A1 /* Project object */ = {
			isa = PBXProject;
			attributes = {
				LastSwiftUpdateCheck = 1230;
				LastUpgradeCheck = 1230;
				TargetAttributes = {
					6DE739CD279CC7FD000698A1 = {
						CreatedOnToolsVersion = 12.3;
					};
				};
			};
			buildConfigurationList = 6DE739C9279CC7FD000698A1 /* Build configuration list for PBXProject "GitHub_PassingData" */;
			compatibilityVersion = "Xcode 9.3";
			developmentRegion = en;
			hasScannedForEncodings = 0;
			knownRegions = (
				en,
				Base,
			);
			mainGroup = 6DE739C5279CC7FD000698A1;
			productRefGroup = 6DE739CF279CC7FD000698A1 /* Products */;
			projectDirPath = "";
			projectRoot = "";
			targets = (
				6DE739CD279CC7FD000698A1 /* GitHub_PassingData */,
			);
		};
/* End PBXProject section */

/* Begin PBXResourcesBuildPhase section */
		6DE739CC279CC7FD000698A1 /* Resources */ = {
			isa = PBXResourcesBuildPhase;
			buildActionMask = 2147483647;
			files = (
				6DE739D9279CC7FE000698A1 /* Preview Assets.xcassets in Resources */,
				6DE739D6279CC7FE000698A1 /* Assets.xcassets in Resources */,
			);
			runOnlyForDeploymentPostprocessing = 0;
		};
/* End PBXResourcesBuildPhase section */

/* Begin PBXSourcesBuildPhase section */
		6DE739CA279CC7FD000698A1 /* Sources */ = {
			isa = PBXSourcesBuildPhase;
			buildActionMask = 2147483647;
			files = (
				6DE739E5279CC869000698A1 /* User.swift in Sources */,
				6DE739D4279CC7FD000698A1 /* ContentView.swift in Sources */,
				6DE739E8279CC88B000698A1 /* Users.swift in Sources */,
				6DE739F3279CC92D000698A1 /* UserInputView.swift in Sources */,
				6DE739E2279CC83A000698A1 /* DetailView.swift in Sources */,
				6DE739ED279CC8E3000698A1 /* UserRowView.swift in Sources */,
				6DE739D2279CC7FD000698A1 /* GitHub_PassingDataApp.swift in Sources */,
			);
			runOnlyForDeploymentPostprocessing = 0;
		};
/* End PBXSourcesBuildPhase section */

/* Begin XCBuildConfiguration section */
		6DE739DB279CC7FE000698A1 /* Debug */ = {
			isa = XCBuildConfiguration;
			buildSettings = {
				ALWAYS_SEARCH_USER_PATHS = NO;
				CLANG_ANALYZER_NONNULL = YES;
				CLANG_ANALYZER_NUMBER_OBJECT_CONVERSION = YES_AGGRESSIVE;
				CLANG_CXX_LANGUAGE_STANDARD = "gnu++14";
				CLANG_CXX_LIBRARY = "libc++";
				CLANG_ENABLE_MODULES = YES;
				CLANG_ENABLE_OBJC_ARC = YES;
				CLANG_ENABLE_OBJC_WEAK = YES;
				CLANG_WARN_BLOCK_CAPTURE_AUTORELEASING = YES;
				CLANG_WARN_BOOL_CONVERSION = YES;
				CLANG_WARN_COMMA = YES;
				CLANG_WARN_CONSTANT_CONVERSION = YES;
				CLANG_WARN_DEPRECATED_OBJC_IMPLEMENTATIONS = YES;
				CLANG_WARN_DIRECT_OBJC_ISA_USAGE = YES_ERROR;
				CLANG_WARN_DOCUMENTATION_COMMENTS = YES;
				CLANG_WARN_EMPTY_BODY = YES;
				CLANG_WARN_ENUM_CONVERSION = YES;
				CLANG_WARN_INFINITE_RECURSION = YES;
				CLANG_WARN_INT_CONVERSION = YES;
				CLANG_WARN_NON_LITERAL_NULL_CONVERSION = YES;
				CLANG_WARN_OBJC_IMPLICIT_RETAIN_SELF = YES;
				CLANG_WARN_OBJC_LITERAL_CONVERSION = YES;
				CLANG_WARN_OBJC_ROOT_CLASS = YES_ERROR;
				CLANG_WARN_QUOTED_INCLUDE_IN_FRAMEWORK_HEADER = YES;
				CLANG_WARN_RANGE_LOOP_ANALYSIS = YES;
				CLANG_WARN_STRICT_PROTOTYPES = YES;
				CLANG_WARN_SUSPICIOUS_MOVE = YES;
				CLANG_WARN_UNGUARDED_AVAILABILITY = YES_AGGRESSIVE;
				CLANG_WARN_UNREACHABLE_CODE = YES;
				CLANG_WARN__DUPLICATE_METHOD_MATCH = YES;
				COPY_PHASE_STRIP = NO;
				DEBUG_INFORMATION_FORMAT = dwarf;
				ENABLE_STRICT_OBJC_MSGSEND = YES;
				ENABLE_TESTABILITY = YES;
				GCC_C_LANGUAGE_STANDARD = gnu11;
				GCC_DYNAMIC_NO_PIC = NO;
				GCC_NO_COMMON_BLOCKS = YES;
				GCC_OPTIMIZATION_LEVEL = 0;
				GCC_PREPROCESSOR_DEFINITIONS = (
					"DEBUG=1",
					"$(inherited)",
				);
				GCC_WARN_64_TO_32_BIT_CONVERSION = YES;
				GCC_WARN_ABOUT_RETURN_TYPE = YES_ERROR;
				GCC_WARN_UNDECLARED_SELECTOR = YES;
				GCC_WARN_UNINITIALIZED_AUTOS = YES_AGGRESSIVE;
				GCC_WARN_UNUSED_FUNCTION = YES;
				GCC_WARN_UNUSED_VARIABLE = YES;
				IPHONEOS_DEPLOYMENT_TARGET = 14.3;
				MTL_ENABLE_DEBUG_INFO = INCLUDE_SOURCE;
				MTL_FAST_MATH = YES;
				ONLY_ACTIVE_ARCH = YES;
				SDKROOT = iphoneos;
				SWIFT_ACTIVE_COMPILATION_CONDITIONS = DEBUG;
				SWIFT_OPTIMIZATION_LEVEL = "-Onone";
			};
			name = Debug;
		};
		6DE739DC279CC7FE000698A1 /* Release */ = {
			isa = XCBuildConfiguration;
			buildSettings = {
				ALWAYS_SEARCH_USER_PATHS = NO;
				CLANG_ANALYZER_NONNULL = YES;
				CLANG_ANALYZER_NUMBER_OBJECT_CONVERSION = YES_AGGRESSIVE;
				CLANG_CXX_LANGUAGE_STANDARD = "gnu++14";
				CLANG_CXX_LIBRARY = "libc++";
				CLANG_ENABLE_MODULES = YES;
				CLANG_ENABLE_OBJC_ARC = YES;
				CLANG_ENABLE_OBJC_WEAK = YES;
				CLANG_WARN_BLOCK_CAPTURE_AUTORELEASING = YES;
				CLANG_WARN_BOOL_CONVERSION = YES;
				CLANG_WARN_COMMA = YES;
				CLANG_WARN_CONSTANT_CONVERSION = YES;
				CLANG_WARN_DEPRECATED_OBJC_IMPLEMENTATIONS = YES;
				CLANG_WARN_DIRECT_OBJC_ISA_USAGE = YES_ERROR;
				CLANG_WARN_DOCUMENTATION_COMMENTS = YES;
				CLANG_WARN_EMPTY_BODY = YES;
				CLANG_WARN_ENUM_CONVERSION = YES;
				CLANG_WARN_INFINITE_RECURSION = YES;
				CLANG_WARN_INT_CONVERSION = YES;
				CLANG_WARN_NON_LITERAL_NULL_CONVERSION = YES;
				CLANG_WARN_OBJC_IMPLICIT_RETAIN_SELF = YES;
				CLANG_WARN_OBJC_LITERAL_CONVERSION = YES;
				CLANG_WARN_OBJC_ROOT_CLASS = YES_ERROR;
				CLANG_WARN_QUOTED_INCLUDE_IN_FRAMEWORK_HEADER = YES;
				CLANG_WARN_RANGE_LOOP_ANALYSIS = YES;
				CLANG_WARN_STRICT_PROTOTYPES = YES;
				CLANG_WARN_SUSPICIOUS_MOVE = YES;
				CLANG_WARN_UNGUARDED_AVAILABILITY = YES_AGGRESSIVE;
				CLANG_WARN_UNREACHABLE_CODE = YES;
				CLANG_WARN__DUPLICATE_METHOD_MATCH = YES;
				COPY_PHASE_STRIP = NO;
				DEBUG_INFORMATION_FORMAT = "dwarf-with-dsym";
				ENABLE_NS_ASSERTIONS = NO;
				ENABLE_STRICT_OBJC_MSGSEND = YES;
				GCC_C_LANGUAGE_STANDARD = gnu11;
				GCC_NO_COMMON_BLOCKS = YES;
				GCC_WARN_64_TO_32_BIT_CONVERSION = YES;
				GCC_WARN_ABOUT_RETURN_TYPE = YES_ERROR;
				GCC_WARN_UNDECLARED_SELECTOR = YES;
				GCC_WARN_UNINITIALIZED_AUTOS = YES_AGGRESSIVE;
				GCC_WARN_UNUSED_FUNCTION = YES;
				GCC_WARN_UNUSED_VARIABLE = YES;
				IPHONEOS_DEPLOYMENT_TARGET = 14.3;
				MTL_ENABLE_DEBUG_INFO = NO;
				MTL_FAST_MATH = YES;
				SDKROOT = iphoneos;
				SWIFT_COMPILATION_MODE = wholemodule;
				SWIFT_OPTIMIZATION_LEVEL = "-O";
				VALIDATE_PRODUCT = YES;
			};
			name = Release;
		};
		6DE739DE279CC7FE000698A1 /* Debug */ = {
			isa = XCBuildConfiguration;
			buildSettings = {
				ASSETCATALOG_COMPILER_APPICON_NAME = AppIcon;
				ASSETCATALOG_COMPILER_GLOBAL_ACCENT_COLOR_NAME = AccentColor;
				CODE_SIGN_STYLE = Automatic;
				DEVELOPMENT_ASSET_PATHS = "\"GitHub_PassingData/Preview Content\"";
				DEVELOPMENT_TEAM = E8L4KCE2WJ;
				ENABLE_PREVIEWS = YES;
				INFOPLIST_FILE = GitHub_PassingData/Info.plist;
				IPHONEOS_DEPLOYMENT_TARGET = 14.0;
				LD_RUNPATH_SEARCH_PATHS = (
					"$(inherited)",
					"@executable_path/Frameworks",
				);
				PRODUCT_BUNDLE_IDENTIFIER = "com.greytprograms.GitHub-PassingData";
				PRODUCT_NAME = "$(TARGET_NAME)";
				SWIFT_VERSION = 5.0;
				TARGETED_DEVICE_FAMILY = "1,2";
			};
			name = Debug;
		};
		6DE739DF279CC7FE000698A1 /* Release */ = {
			isa = XCBuildConfiguration;
			buildSettings = {
				ASSETCATALOG_COMPILER_APPICON_NAME = AppIcon;
				ASSETCATALOG_COMPILER_GLOBAL_ACCENT_COLOR_NAME = AccentColor;
				CODE_SIGN_STYLE = Automatic;
				DEVELOPMENT_ASSET_PATHS = "\"GitHub_PassingData/Preview Content\"";
				DEVELOPMENT_TEAM = E8L4KCE2WJ;
				ENABLE_PREVIEWS = YES;
				INFOPLIST_FILE = GitHub_PassingData/Info.plist;
				IPHONEOS_DEPLOYMENT_TARGET = 14.0;
				LD_RUNPATH_SEARCH_PATHS = (
					"$(inherited)",
					"@executable_path/Frameworks",
				);
				PRODUCT_BUNDLE_IDENTIFIER = "com.greytprograms.GitHub-PassingData";
				PRODUCT_NAME = "$(TARGET_NAME)";
				SWIFT_VERSION = 5.0;
				TARGETED_DEVICE_FAMILY = "1,2";
			};
			name = Release;
		};
/* End XCBuildConfiguration section */

/* Begin XCConfigurationList section */
		6DE739C9279CC7FD000698A1 /* Build configuration list for PBXProject "GitHub_PassingData" */ = {
			isa = XCConfigurationList;
			buildConfigurations = (
				6DE739DB279CC7FE000698A1 /* Debug */,
				6DE739DC279CC7FE000698A1 /* Release */,
			);
			defaultConfigurationIsVisible = 0;
			defaultConfigurationName = Release;
		};
		6DE739DD279CC7FE000698A1 /* Build configuration list for PBXNativeTarget "GitHub_PassingData" */ = {
			isa = XCConfigurationList;
			buildConfigurations = (
				6DE739DE279CC7FE000698A1 /* Debug */,
				6DE739DF279CC7FE000698A1 /* Release */,
			);
			defaultConfigurationIsVisible = 0;
			defaultConfigurationName = Release;
		};
/* End XCConfigurationList section */
	};
	rootObject = 6DE739C6279CC7FD000698A1 /* Project object */;
}
